
Microsoft Visual Studio Solution File, Format Version 12.00
# Visual Studio 11
Project("{FAE04EC0-301F-11D3-BF4B-00C04F79EFBC}") = "RazorPad.Core", "RazorPad.Core\RazorPad.Core.csproj", "{511D144C-F4C7-40A3-B3B4-80D891FCE2F5}"
EndProject
Project("{FAE04EC0-301F-11D3-BF4B-00C04F79EFBC}") = "RazorPad.Core.Tests", "RazorPad.Core.Tests\RazorPad.Core.Tests.csproj", "{4C25DE40-6799-4144-9F23-3919193772EC}"
EndProject
Project("{FAE04EC0-301F-11D3-BF4B-00C04F79EFBC}") = "RazorPad.UI.Application", "RazorPad.UI.Application\RazorPad.UI.Application.csproj", "{A635596E-2215-4FEF-BC10-92F63EAAAA97}"
EndProject
Project("{FAE04EC0-301F-11D3-BF4B-00C04F79EFBC}") = "RazorPad.UI", "RazorPad.UI\RazorPad.UI.csproj", "{147DFCE8-A33F-42F4-A8F1-7E999C02D1DC}"
EndProject
Project("{FAE04EC0-301F-11D3-BF4B-00C04F79EFBC}") = "RazorPad.UI.Tests", "RazorPad.UI.Tests\RazorPad.UI.Tests.csproj", "{BBCFFF3C-AFCF-4751-9834-C4AA7D29133D}"
EndProject
Project("{2150E333-8FDC-42A3-9474-1A3956D46DE8}") = "Samples", "Samples", "{BC5126B0-DB22-49DE-9592-A6E9791CBAF1}"
EndProject
Project("{FAE04EC0-301F-11D3-BF4B-00C04F79EFBC}") = "RazorPad.Extensions.Xml", "Samples\RazorPad.Extensions.Xml\RazorPad.Extensions.Xml.csproj", "{ED3011EE-DFF1-4561-9E8D-F96767FEC4F8}"
EndProject
Global
	GlobalSection(TestCaseManagementSettings) = postSolution
		CategoryFile = RazorPad.vsmdi
	EndGlobalSection
	GlobalSection(SolutionConfigurationPlatforms) = preSolution
		Debug|Any CPU = Debug|Any CPU
		Debug|Mixed Platforms = Debug|Mixed Platforms
		Debug|x86 = Debug|x86
		Release|Any CPU = Release|Any CPU
		Release|Mixed Platforms = Release|Mixed Platforms
		Release|x86 = Release|x86
	EndGlobalSection
	GlobalSection(ProjectConfigurationPlatforms) = postSolution
		{147DFCE8-A33F-42F4-A8F1-7E999C02D1DC}.Debug|Any CPU.ActiveCfg = Debug|Any CPU
		{147DFCE8-A33F-42F4-A8F1-7E999C02D1DC}.Debug|Any CPU.Build.0 = Debug|Any CPU
		{147DFCE8-A33F-42F4-A8F1-7E999C02D1DC}.Debug|Mixed Platforms.ActiveCfg = Debug|Any CPU
		{147DFCE8-A33F-42F4-A8F1-7E999C02D1DC}.Debug|Mixed Platforms.Build.0 = Debug|Any CPU
		{147DFCE8-A33F-42F4-A8F1-7E999C02D1DC}.Debug|x86.ActiveCfg = Debug|Any CPU
		{147DFCE8-A33F-42F4-A8F1-7E999C02D1DC}.Release|Any CPU.ActiveCfg = Release|Any CPU
		{147DFCE8-A33F-42F4-A8F1-7E999C02D1DC}.Release|Any CPU.Build.0 = Release|Any CPU
		{147DFCE8-A33F-42F4-A8F1-7E999C02D1DC}.Release|Mixed Platforms.ActiveCfg = Release|Any CPU
		{147DFCE8-A33F-42F4-A8F1-7E999C02D1DC}.Release|Mixed Platforms.Build.0 = Release|Any CPU
		{147DFCE8-A33F-42F4-A8F1-7E999C02D1DC}.Release|x86.ActiveCfg = Release|Any CPU
		{4C25DE40-6799-4144-9F23-3919193772EC}.Debug|Any CPU.ActiveCfg = Debug|Any CPU
		{4C25DE40-6799-4144-9F23-3919193772EC}.Debug|Any CPU.Build.0 = Debug|Any CPU
		{4C25DE40-6799-4144-9F23-3919193772EC}.Debug|Mixed Platforms.ActiveCfg = Debug|Any CPU
		{4C25DE40-6799-4144-9F23-3919193772EC}.Debug|Mixed Platforms.Build.0 = Debug|Any CPU
		{4C25DE40-6799-4144-9F23-3919193772EC}.Debug|x86.ActiveCfg = Debug|Any CPU
		{4C25DE40-6799-4144-9F23-3919193772EC}.Release|Any CPU.ActiveCfg = Release|Any CPU
		{4C25DE40-6799-4144-9F23-3919193772EC}.Release|Any CPU.Build.0 = Release|Any CPU
		{4C25DE40-6799-4144-9F23-3919193772EC}.Release|Mixed Platforms.ActiveCfg = Release|Any CPU
		{4C25DE40-6799-4144-9F23-3919193772EC}.Release|Mixed Platforms.Build.0 = Release|Any CPU
		{4C25DE40-6799-4144-9F23-3919193772EC}.Release|x86.ActiveCfg = Release|Any CPU
		{511D144C-F4C7-40A3-B3B4-80D891FCE2F5}.Debug|Any CPU.ActiveCfg = Debug|x86
		{511D144C-F4C7-40A3-B3B4-80D891FCE2F5}.Debug|Mixed Platforms.ActiveCfg = Debug|x86
		{511D144C-F4C7-40A3-B3B4-80D891FCE2F5}.Debug|Mixed Platforms.Build.0 = Debug|x86
		{511D144C-F4C7-40A3-B3B4-80D891FCE2F5}.Debug|x86.ActiveCfg = Debug|x86
		{511D144C-F4C7-40A3-B3B4-80D891FCE2F5}.Debug|x86.Build.0 = Debug|x86
		{511D144C-F4C7-40A3-B3B4-80D891FCE2F5}.Release|Any CPU.ActiveCfg = Release|x86
		{511D144C-F4C7-40A3-B3B4-80D891FCE2F5}.Release|Mixed Platforms.ActiveCfg = Release|x86
		{511D144C-F4C7-40A3-B3B4-80D891FCE2F5}.Release|Mixed Platforms.Build.0 = Release|x86
		{511D144C-F4C7-40A3-B3B4-80D891FCE2F5}.Release|x86.ActiveCfg = Release|x86
		{511D144C-F4C7-40A3-B3B4-80D891FCE2F5}.Release|x86.Build.0 = Release|x86
		{A635596E-2215-4FEF-BC10-92F63EAAAA97}.Debug|Any CPU.ActiveCfg = Debug|x86
		{A635596E-2215-4FEF-BC10-92F63EAAAA97}.Debug|Mixed Platforms.ActiveCfg = Debug|x86
		{A635596E-2215-4FEF-BC10-92F63EAAAA97}.Debug|Mixed Platforms.Build.0 = Debug|x86
		{A635596E-2215-4FEF-BC10-92F63EAAAA97}.Debug|x86.ActiveCfg = Debug|x86
		{A635596E-2215-4FEF-BC10-92F63EAAAA97}.Debug|x86.Build.0 = Debug|x86
		{A635596E-2215-4FEF-BC10-92F63EAAAA97}.Release|Any CPU.ActiveCfg = Release|x86
		{A635596E-2215-4FEF-BC10-92F63EAAAA97}.Release|Mixed Platforms.ActiveCfg = Release|x86
		{A635596E-2215-4FEF-BC10-92F63EAAAA97}.Release|Mixed Platforms.Build.0 = Release|x86
		{A635596E-2215-4FEF-BC10-92F63EAAAA97}.Release|x86.ActiveCfg = Release|x86
		{A635596E-2215-4FEF-BC10-92F63EAAAA97}.Release|x86.Build.0 = Release|x86
		{BBCFFF3C-AFCF-4751-9834-C4AA7D29133D}.Debug|Any CPU.ActiveCfg = Debug|Any CPU
		{BBCFFF3C-AFCF-4751-9834-C4AA7D29133D}.Debug|Any CPU.Build.0 = Debug|Any CPU
		{BBCFFF3C-AFCF-4751-9834-C4AA7D29133D}.Debug|Mixed Platforms.ActiveCfg = Debug|Any CPU
		{BBCFFF3C-AFCF-4751-9834-C4AA7D29133D}.Debug|Mixed Platforms.Build.0 = Debug|Any CPU
		{BBCFFF3C-AFCF-4751-9834-C4AA7D29133D}.Debug|x86.ActiveCfg = Debug|Any CPU
		{BBCFFF3C-AFCF-4751-9834-C4AA7D29133D}.Release|Any CPU.ActiveCfg = Release|Any CPU
		{BBCFFF3C-AFCF-4751-9834-C4AA7D29133D}.Release|Any CPU.Build.0 = Release|Any CPU
		{BBCFFF3C-AFCF-4751-9834-C4AA7D29133D}.Release|Mixed Platforms.ActiveCfg = Release|Any CPU
		{BBCFFF3C-AFCF-4751-9834-C4AA7D29133D}.Release|Mixed Platforms.Build.0 = Release|Any CPU
		{BBCFFF3C-AFCF-4751-9834-C4AA7D29133D}.Release|x86.ActiveCfg = Release|Any CPU
		{ED3011EE-DFF1-4561-9E8D-F96767FEC4F8}.Debug|Any CPU.ActiveCfg = Debug|Any CPU
		{ED3011EE-DFF1-4561-9E8D-F96767FEC4F8}.Debug|Any CPU.Build.0 = Debug|Any CPU
		{ED3011EE-DFF1-4561-9E8D-F96767FEC4F8}.Debug|Mixed Platforms.ActiveCfg = Debug|Any CPU
		{ED3011EE-DFF1-4561-9E8D-F96767FEC4F8}.Debug|Mixed Platforms.Build.0 = Debug|Any CPU
		{ED3011EE-DFF1-4561-9E8D-F96767FEC4F8}.Debug|x86.ActiveCfg = Debug|Any CPU
		{ED3011EE-DFF1-4561-9E8D-F96767FEC4F8}.Release|Any CPU.ActiveCfg = Release|Any CPU
		{ED3011EE-DFF1-4561-9E8D-F96767FEC4F8}.Release|Any CPU.Build.0 = Release|Any CPU
		{ED3011EE-DFF1-4561-9E8D-F96767FEC4F8}.Release|Mixed Platforms.ActiveCfg = Release|Any CPU
		{ED3011EE-DFF1-4561-9E8D-F96767FEC4F8}.Release|Mixed Platforms.Build.0 = Release|Any CPU
		{ED3011EE-DFF1-4561-9E8D-F96767FEC4F8}.Release|x86.ActiveCfg = Release|Any CPU
	EndGlobalSection
	GlobalSection(SolutionProperties) = preSolution
		HideSolutionNode = FALSE
	EndGlobalSection
	GlobalSection(NestedProjects) = preSolution
		{ED3011EE-DFF1-4561-9E8D-F96767FEC4F8} = {BC5126B0-DB22-49DE-9592-A6E9791CBAF1}
	EndGlobalSection
	GlobalSection(ExtensibilityGlobals) = postSolution
		VisualSVNWorkingCopyRoot = .
	EndGlobalSection
EndGlobal
