
Microsoft Visual Studio Solution File, Format Version 12.00
# Visual Studio 11
Project("{2150E333-8FDC-42A3-9474-1A3956D46DE8}") = "MS Test Settings", "MS Test Settings", "{1240E37F-611C-421E-8C44-C6E334C1938E}"
	ProjectSection(SolutionItems) = preProject
		Local.testsettings = Local.testsettings
		RazorPad.vsmdi = RazorPad.vsmdi
		TraceAndTestImpact.testsettings = TraceAndTestImpact.testsettings
	EndProjectSection
EndProject
Project("{FAE04EC0-301F-11D3-BF4B-00C04F79EFBC}") = "RazorPad.EditorUI", "RazorPad.EditorUI\RazorPad.EditorUI.csproj", "{A635596E-2215-4FEF-BC10-92F63EAAAA97}"
EndProject
Project("{FAE04EC0-301F-11D3-BF4B-00C04F79EFBC}") = "RazorPad.Core", "RazorPad.Core\RazorPad.Core.csproj", "{511D144C-F4C7-40A3-B3B4-80D891FCE2F5}"
EndProject
Project("{FAE04EC0-301F-11D3-BF4B-00C04F79EFBC}") = "RazorPad.Core.Tests", "RazorPad.Core.Tests\RazorPad.Core.Tests.csproj", "{4C25DE40-6799-4144-9F23-3919193772EC}"
EndProject
Project("{2150E333-8FDC-42A3-9474-1A3956D46DE8}") = "Core", "Core", "{D31B0F21-F11C-4342-8239-50D2441C67E5}"
EndProject
Project("{2150E333-8FDC-42A3-9474-1A3956D46DE8}") = "WPF", "WPF", "{3CB8C54B-E938-41BE-B18E-04AF54D71C11}"
EndProject
Project("{2150E333-8FDC-42A3-9474-1A3956D46DE8}") = "Website", "Website", "{F3A99037-5F63-418A-9BEE-0D9892CA7A56}"
EndProject
Project("{FAE04EC0-301F-11D3-BF4B-00C04F79EFBC}") = "RazorPad.Web.Website", "RazorPad.Web.Website\RazorPad.Web.Website.csproj", "{F3A2783E-D8B2-4D8C-8240-C01FC0B8D932}"
EndProject
Project("{FAE04EC0-301F-11D3-BF4B-00C04F79EFBC}") = "RazorPad.Web.Tests", "RazorPad.Web.Tests\RazorPad.Web.Tests.csproj", "{C58BCD42-B3C8-41AA-9A9E-53CC5E75286B}"
EndProject
Project("{FAE04EC0-301F-11D3-BF4B-00C04F79EFBC}") = "RazorPad.Web", "RazorPad.Web\RazorPad.Web.csproj", "{8687FA7B-28F1-421B-AEF3-404F68B501B4}"
EndProject
Project("{FAE04EC0-301F-11D3-BF4B-00C04F79EFBC}") = "RazorPad.Web.Facebook", "RazorPad.Web.Facebook\RazorPad.Web.Facebook.csproj", "{B5D86FFD-300C-44DE-B28A-CDFF8BC60027}"
EndProject
Project("{FAE04EC0-301F-11D3-BF4B-00C04F79EFBC}") = "RazorPad.Web.RavenDb", "RazorPad.Web.RavenDb\RazorPad.Web.RavenDb.csproj", "{D8FDF341-D9DE-4C69-9E8C-DB910587ED51}"
EndProject
Project("{2150E333-8FDC-42A3-9474-1A3956D46DE8}") = ".nuget", ".nuget", "{4E86D0C0-81C1-43E7-8A6D-92EC6E7D67A8}"
	ProjectSection(SolutionItems) = preProject
		.nuget\NuGet.exe = .nuget\NuGet.exe
		.nuget\NuGet.targets = .nuget\NuGet.targets
	EndProjectSection
EndProject
Global
	GlobalSection(TestCaseManagementSettings) = postSolution
		CategoryFile = RazorPad.vsmdi
	EndGlobalSection
	GlobalSection(SolutionConfigurationPlatforms) = preSolution
		Debug|Any CPU = Debug|Any CPU
		Debug|Mixed Platforms = Debug|Mixed Platforms
		Debug|x86 = Debug|x86
		Release|Any CPU = Release|Any CPU
		Release|Mixed Platforms = Release|Mixed Platforms
		Release|x86 = Release|x86
	EndGlobalSection
	GlobalSection(ProjectConfigurationPlatforms) = postSolution
		{4C25DE40-6799-4144-9F23-3919193772EC}.Debug|Any CPU.ActiveCfg = Debug|Any CPU
		{4C25DE40-6799-4144-9F23-3919193772EC}.Debug|Any CPU.Build.0 = Debug|Any CPU
		{4C25DE40-6799-4144-9F23-3919193772EC}.Debug|Mixed Platforms.ActiveCfg = Debug|Any CPU
		{4C25DE40-6799-4144-9F23-3919193772EC}.Debug|Mixed Platforms.Build.0 = Debug|Any CPU
		{4C25DE40-6799-4144-9F23-3919193772EC}.Debug|x86.ActiveCfg = Debug|Any CPU
		{4C25DE40-6799-4144-9F23-3919193772EC}.Release|Any CPU.ActiveCfg = Release|Any CPU
		{4C25DE40-6799-4144-9F23-3919193772EC}.Release|Any CPU.Build.0 = Release|Any CPU
		{4C25DE40-6799-4144-9F23-3919193772EC}.Release|Mixed Platforms.ActiveCfg = Release|Any CPU
		{4C25DE40-6799-4144-9F23-3919193772EC}.Release|Mixed Platforms.Build.0 = Release|Any CPU
		{4C25DE40-6799-4144-9F23-3919193772EC}.Release|x86.ActiveCfg = Release|Any CPU
		{511D144C-F4C7-40A3-B3B4-80D891FCE2F5}.Debug|Any CPU.ActiveCfg = Debug|x86
		{511D144C-F4C7-40A3-B3B4-80D891FCE2F5}.Debug|Mixed Platforms.ActiveCfg = Debug|x86
		{511D144C-F4C7-40A3-B3B4-80D891FCE2F5}.Debug|Mixed Platforms.Build.0 = Debug|x86
		{511D144C-F4C7-40A3-B3B4-80D891FCE2F5}.Debug|x86.ActiveCfg = Debug|x86
		{511D144C-F4C7-40A3-B3B4-80D891FCE2F5}.Debug|x86.Build.0 = Debug|x86
		{511D144C-F4C7-40A3-B3B4-80D891FCE2F5}.Release|Any CPU.ActiveCfg = Release|x86
		{511D144C-F4C7-40A3-B3B4-80D891FCE2F5}.Release|Mixed Platforms.ActiveCfg = Release|x86
		{511D144C-F4C7-40A3-B3B4-80D891FCE2F5}.Release|Mixed Platforms.Build.0 = Release|x86
		{511D144C-F4C7-40A3-B3B4-80D891FCE2F5}.Release|x86.ActiveCfg = Release|x86
		{511D144C-F4C7-40A3-B3B4-80D891FCE2F5}.Release|x86.Build.0 = Release|x86
		{8687FA7B-28F1-421B-AEF3-404F68B501B4}.Debug|Any CPU.ActiveCfg = Debug|Any CPU
		{8687FA7B-28F1-421B-AEF3-404F68B501B4}.Debug|Any CPU.Build.0 = Debug|Any CPU
		{8687FA7B-28F1-421B-AEF3-404F68B501B4}.Debug|Mixed Platforms.ActiveCfg = Debug|Any CPU
		{8687FA7B-28F1-421B-AEF3-404F68B501B4}.Debug|Mixed Platforms.Build.0 = Debug|Any CPU
		{8687FA7B-28F1-421B-AEF3-404F68B501B4}.Debug|x86.ActiveCfg = Debug|Any CPU
		{8687FA7B-28F1-421B-AEF3-404F68B501B4}.Release|Any CPU.ActiveCfg = Release|Any CPU
		{8687FA7B-28F1-421B-AEF3-404F68B501B4}.Release|Any CPU.Build.0 = Release|Any CPU
		{8687FA7B-28F1-421B-AEF3-404F68B501B4}.Release|Mixed Platforms.ActiveCfg = Release|Any CPU
		{8687FA7B-28F1-421B-AEF3-404F68B501B4}.Release|Mixed Platforms.Build.0 = Release|Any CPU
		{8687FA7B-28F1-421B-AEF3-404F68B501B4}.Release|x86.ActiveCfg = Release|Any CPU
		{A635596E-2215-4FEF-BC10-92F63EAAAA97}.Debug|Any CPU.ActiveCfg = Debug|x86
		{A635596E-2215-4FEF-BC10-92F63EAAAA97}.Debug|Mixed Platforms.ActiveCfg = Debug|x86
		{A635596E-2215-4FEF-BC10-92F63EAAAA97}.Debug|Mixed Platforms.Build.0 = Debug|x86
		{A635596E-2215-4FEF-BC10-92F63EAAAA97}.Debug|x86.ActiveCfg = Debug|x86
		{A635596E-2215-4FEF-BC10-92F63EAAAA97}.Debug|x86.Build.0 = Debug|x86
		{A635596E-2215-4FEF-BC10-92F63EAAAA97}.Release|Any CPU.ActiveCfg = Release|x86
		{A635596E-2215-4FEF-BC10-92F63EAAAA97}.Release|Mixed Platforms.ActiveCfg = Release|x86
		{A635596E-2215-4FEF-BC10-92F63EAAAA97}.Release|Mixed Platforms.Build.0 = Release|x86
		{A635596E-2215-4FEF-BC10-92F63EAAAA97}.Release|x86.ActiveCfg = Release|x86
		{A635596E-2215-4FEF-BC10-92F63EAAAA97}.Release|x86.Build.0 = Release|x86
		{B5D86FFD-300C-44DE-B28A-CDFF8BC60027}.Debug|Any CPU.ActiveCfg = Debug|Any CPU
		{B5D86FFD-300C-44DE-B28A-CDFF8BC60027}.Debug|Any CPU.Build.0 = Debug|Any CPU
		{B5D86FFD-300C-44DE-B28A-CDFF8BC60027}.Debug|Mixed Platforms.ActiveCfg = Debug|Any CPU
		{B5D86FFD-300C-44DE-B28A-CDFF8BC60027}.Debug|Mixed Platforms.Build.0 = Debug|Any CPU
		{B5D86FFD-300C-44DE-B28A-CDFF8BC60027}.Debug|x86.ActiveCfg = Debug|Any CPU
		{B5D86FFD-300C-44DE-B28A-CDFF8BC60027}.Release|Any CPU.ActiveCfg = Release|Any CPU
		{B5D86FFD-300C-44DE-B28A-CDFF8BC60027}.Release|Any CPU.Build.0 = Release|Any CPU
		{B5D86FFD-300C-44DE-B28A-CDFF8BC60027}.Release|Mixed Platforms.ActiveCfg = Release|Any CPU
		{B5D86FFD-300C-44DE-B28A-CDFF8BC60027}.Release|Mixed Platforms.Build.0 = Release|Any CPU
		{B5D86FFD-300C-44DE-B28A-CDFF8BC60027}.Release|x86.ActiveCfg = Release|Any CPU
		{C58BCD42-B3C8-41AA-9A9E-53CC5E75286B}.Debug|Any CPU.ActiveCfg = Debug|Any CPU
		{C58BCD42-B3C8-41AA-9A9E-53CC5E75286B}.Debug|Any CPU.Build.0 = Debug|Any CPU
		{C58BCD42-B3C8-41AA-9A9E-53CC5E75286B}.Debug|Mixed Platforms.ActiveCfg = Debug|Any CPU
		{C58BCD42-B3C8-41AA-9A9E-53CC5E75286B}.Debug|Mixed Platforms.Build.0 = Debug|Any CPU
		{C58BCD42-B3C8-41AA-9A9E-53CC5E75286B}.Debug|x86.ActiveCfg = Debug|Any CPU
		{C58BCD42-B3C8-41AA-9A9E-53CC5E75286B}.Release|Any CPU.ActiveCfg = Release|Any CPU
		{C58BCD42-B3C8-41AA-9A9E-53CC5E75286B}.Release|Any CPU.Build.0 = Release|Any CPU
		{C58BCD42-B3C8-41AA-9A9E-53CC5E75286B}.Release|Mixed Platforms.ActiveCfg = Release|Any CPU
		{C58BCD42-B3C8-41AA-9A9E-53CC5E75286B}.Release|Mixed Platforms.Build.0 = Release|Any CPU
		{C58BCD42-B3C8-41AA-9A9E-53CC5E75286B}.Release|x86.ActiveCfg = Release|Any CPU
		{D8FDF341-D9DE-4C69-9E8C-DB910587ED51}.Debug|Any CPU.ActiveCfg = Debug|Any CPU
		{D8FDF341-D9DE-4C69-9E8C-DB910587ED51}.Debug|Any CPU.Build.0 = Debug|Any CPU
		{D8FDF341-D9DE-4C69-9E8C-DB910587ED51}.Debug|Mixed Platforms.ActiveCfg = Debug|Any CPU
		{D8FDF341-D9DE-4C69-9E8C-DB910587ED51}.Debug|Mixed Platforms.Build.0 = Debug|Any CPU
		{D8FDF341-D9DE-4C69-9E8C-DB910587ED51}.Debug|x86.ActiveCfg = Debug|Any CPU
		{D8FDF341-D9DE-4C69-9E8C-DB910587ED51}.Release|Any CPU.ActiveCfg = Release|Any CPU
		{D8FDF341-D9DE-4C69-9E8C-DB910587ED51}.Release|Any CPU.Build.0 = Release|Any CPU
		{D8FDF341-D9DE-4C69-9E8C-DB910587ED51}.Release|Mixed Platforms.ActiveCfg = Release|Any CPU
		{D8FDF341-D9DE-4C69-9E8C-DB910587ED51}.Release|Mixed Platforms.Build.0 = Release|Any CPU
		{D8FDF341-D9DE-4C69-9E8C-DB910587ED51}.Release|x86.ActiveCfg = Release|Any CPU
		{F3A2783E-D8B2-4D8C-8240-C01FC0B8D932}.Debug|Any CPU.ActiveCfg = Debug|Any CPU
		{F3A2783E-D8B2-4D8C-8240-C01FC0B8D932}.Debug|Any CPU.Build.0 = Debug|Any CPU
		{F3A2783E-D8B2-4D8C-8240-C01FC0B8D932}.Debug|Mixed Platforms.ActiveCfg = Debug|Any CPU
		{F3A2783E-D8B2-4D8C-8240-C01FC0B8D932}.Debug|Mixed Platforms.Build.0 = Debug|Any CPU
		{F3A2783E-D8B2-4D8C-8240-C01FC0B8D932}.Debug|x86.ActiveCfg = Debug|Any CPU
		{F3A2783E-D8B2-4D8C-8240-C01FC0B8D932}.Release|Any CPU.ActiveCfg = Release|Any CPU
		{F3A2783E-D8B2-4D8C-8240-C01FC0B8D932}.Release|Any CPU.Build.0 = Release|Any CPU
		{F3A2783E-D8B2-4D8C-8240-C01FC0B8D932}.Release|Mixed Platforms.ActiveCfg = Release|Any CPU
		{F3A2783E-D8B2-4D8C-8240-C01FC0B8D932}.Release|Mixed Platforms.Build.0 = Release|Any CPU
		{F3A2783E-D8B2-4D8C-8240-C01FC0B8D932}.Release|x86.ActiveCfg = Release|Any CPU
	EndGlobalSection
	GlobalSection(SolutionProperties) = preSolution
		HideSolutionNode = FALSE
	EndGlobalSection
	GlobalSection(NestedProjects) = preSolution
		{4C25DE40-6799-4144-9F23-3919193772EC} = {D31B0F21-F11C-4342-8239-50D2441C67E5}
		{511D144C-F4C7-40A3-B3B4-80D891FCE2F5} = {D31B0F21-F11C-4342-8239-50D2441C67E5}
		{8687FA7B-28F1-421B-AEF3-404F68B501B4} = {F3A99037-5F63-418A-9BEE-0D9892CA7A56}
		{A635596E-2215-4FEF-BC10-92F63EAAAA97} = {3CB8C54B-E938-41BE-B18E-04AF54D71C11}
		{B5D86FFD-300C-44DE-B28A-CDFF8BC60027} = {F3A99037-5F63-418A-9BEE-0D9892CA7A56}
		{C58BCD42-B3C8-41AA-9A9E-53CC5E75286B} = {F3A99037-5F63-418A-9BEE-0D9892CA7A56}
		{D8FDF341-D9DE-4C69-9E8C-DB910587ED51} = {F3A99037-5F63-418A-9BEE-0D9892CA7A56}
		{F3A2783E-D8B2-4D8C-8240-C01FC0B8D932} = {F3A99037-5F63-418A-9BEE-0D9892CA7A56}
	EndGlobalSection
	GlobalSection(ExtensibilityGlobals) = postSolution
		VisualSVNWorkingCopyRoot = .
	EndGlobalSection
EndGlobal
